// !$*UTF8*$!
{
	archiveVersion = 1;
	classes = {
	};
	objectVersion = 46;
	objects = {

/* Begin PBXBuildFile section */
		F275E2471C352F840090B3F7 /* main.m in Sources */ = {isa = PBXBuildFile; fileRef = F275E2461C352F840090B3F7 /* main.m */; };
		F275E24A1C352F840090B3F7 /* AppDelegate.m in Sources */ = {isa = PBXBuildFile; fileRef = F275E2491C352F840090B3F7 /* AppDelegate.m */; };
		F275E24D1C352F840090B3F7 /* ViewController.m in Sources */ = {isa = PBXBuildFile; fileRef = F275E24C1C352F840090B3F7 /* ViewController.m */; };
		F275E2501C352F850090B3F7 /* Main.storyboard in Resources */ = {isa = PBXBuildFile; fileRef = F275E24E1C352F850090B3F7 /* Main.storyboard */; };
		F275E2521C352F850090B3F7 /* Assets.xcassets in Resources */ = {isa = PBXBuildFile; fileRef = F275E2511C352F850090B3F7 /* Assets.xcassets */; };
		F275E2551C352F850090B3F7 /* LaunchScreen.storyboard in Resources */ = {isa = PBXBuildFile; fileRef = F275E2531C352F850090B3F7 /* LaunchScreen.storyboard */; };
		F275E2601C352F890090B3F7 /* test_jenkinsTests.m in Sources */ = {isa = PBXBuildFile; fileRef = F275E25F1C352F890090B3F7 /* test_jenkinsTests.m */; };
		F275E26B1C352F890090B3F7 /* test_jenkinsUITests.m in Sources */ = {isa = PBXBuildFile; fileRef = F275E26A1C352F890090B3F7 /* test_jenkinsUITests.m */; };
/* End PBXBuildFile section */

/* Begin PBXContainerItemProxy section */
		F275E25C1C352F880090B3F7 /* PBXContainerItemProxy */ = {
			isa = PBXContainerItemProxy;
			containerPortal = F275E23A1C352F830090B3F7 /* Project object */;
			proxyType = 1;
			remoteGlobalIDString = F275E2411C352F830090B3F7;
			remoteInfo = test_jenkins;
		};
		F275E2671C352F890090B3F7 /* PBXContainerItemProxy */ = {
			isa = PBXContainerItemProxy;
			containerPortal = F275E23A1C352F830090B3F7 /* Project object */;
			proxyType = 1;
			remoteGlobalIDString = F275E2411C352F830090B3F7;
			remoteInfo = test_jenkins;
		};
/* End PBXContainerItemProxy section */

/* Begin PBXFileReference section */
		F275E2421C352F830090B3F7 /* test_jenkins.app */ = {isa = PBXFileReference; explicitFileType = wrapper.application; includeInIndex = 0; path = test_jenkins.app; sourceTree = BUILT_PRODUCTS_DIR; };
		F275E2461C352F840090B3F7 /* main.m */ = {isa = PBXFileReference; lastKnownFileType = sourcecode.c.objc; path = main.m; sourceTree = "<group>"; };
		F275E2481C352F840090B3F7 /* AppDelegate.h */ = {isa = PBXFileReference; lastKnownFileType = sourcecode.c.h; path = AppDelegate.h; sourceTree = "<group>"; };
		F275E2491C352F840090B3F7 /* AppDelegate.m */ = {isa = PBXFileReference; lastKnownFileType = sourcecode.c.objc; path = AppDelegate.m; sourceTree = "<group>"; };
		F275E24B1C352F840090B3F7 /* ViewController.h */ = {isa = PBXFileReference; lastKnownFileType = sourcecode.c.h; path = ViewController.h; sourceTree = "<group>"; };
		F275E24C1C352F840090B3F7 /* ViewController.m */ = {isa = PBXFileReference; lastKnownFileType = sourcecode.c.objc; path = ViewController.m; sourceTree = "<group>"; };
		F275E24F1C352F850090B3F7 /* Base */ = {isa = PBXFileReference; lastKnownFileType = file.storyboard; name = Base; path = Base.lproj/Main.storyboard; sourceTree = "<group>"; };
		F275E2511C352F850090B3F7 /* Assets.xcassets */ = {isa = PBXFileReference; lastKnownFileType = folder.assetcatalog; path = Assets.xcassets; sourceTree = "<group>"; };
		F275E2541C352F850090B3F7 /* Base */ = {isa = PBXFileReference; lastKnownFileType = file.storyboard; name = Base; path = Base.lproj/LaunchScreen.storyboard; sourceTree = "<group>"; };
		F275E2561C352F850090B3F7 /* Info.plist */ = {isa = PBXFileReference; lastKnownFileType = text.plist.xml; path = Info.plist; sourceTree = "<group>"; };
		F275E25B1C352F880090B3F7 /* test_jenkinsTests.xctest */ = {isa = PBXFileReference; explicitFileType = wrapper.cfbundle; includeInIndex = 0; path = test_jenkinsTests.xctest; sourceTree = BUILT_PRODUCTS_DIR; };
		F275E25F1C352F890090B3F7 /* test_jenkinsTests.m */ = {isa = PBXFileReference; lastKnownFileType = sourcecode.c.objc; path = test_jenkinsTests.m; sourceTree = "<group>"; };
		F275E2611C352F890090B3F7 /* Info.plist */ = {isa = PBXFileReference; lastKnownFileType = text.plist.xml; path = Info.plist; sourceTree = "<group>"; };
		F275E2661C352F890090B3F7 /* test_jenkinsUITests.xctest */ = {isa = PBXFileReference; explicitFileType = wrapper.cfbundle; includeInIndex = 0; path = test_jenkinsUITests.xctest; sourceTree = BUILT_PRODUCTS_DIR; };
		F275E26A1C352F890090B3F7 /* test_jenkinsUITests.m */ = {isa = PBXFileReference; lastKnownFileType = sourcecode.c.objc; path = test_jenkinsUITests.m; sourceTree = "<group>"; };
		F275E26C1C352F890090B3F7 /* Info.plist */ = {isa = PBXFileReference; lastKnownFileType = text.plist.xml; path = Info.plist; sourceTree = "<group>"; };
/* End PBXFileReference section */

/* Begin PBXFrameworksBuildPhase section */
		F275E23F1C352F830090B3F7 /* Frameworks */ = {
			isa = PBXFrameworksBuildPhase;
			buildActionMask = 2147483647;
			files = (
			);
			runOnlyForDeploymentPostprocessing = 0;
		};
		F275E2581C352F880090B3F7 /* Frameworks */ = {
			isa = PBXFrameworksBuildPhase;
			buildActionMask = 2147483647;
			files = (
			);
			runOnlyForDeploymentPostprocessing = 0;
		};
		F275E2631C352F890090B3F7 /* Frameworks */ = {
			isa = PBXFrameworksBuildPhase;
			buildActionMask = 2147483647;
			files = (
			);
			runOnlyForDeploymentPostprocessing = 0;
		};
/* End PBXFrameworksBuildPhase section */

/* Begin PBXGroup section */
		F275E2391C352F830090B3F7 = {
			isa = PBXGroup;
			children = (
				F275E2441C352F830090B3F7 /* test_jenkins */,
				F275E25E1C352F880090B3F7 /* test_jenkinsTests */,
				F275E2691C352F890090B3F7 /* test_jenkinsUITests */,
				F275E2431C352F830090B3F7 /* Products */,
			);
			sourceTree = "<group>";
		};
		F275E2431C352F830090B3F7 /* Products */ = {
			isa = PBXGroup;
			children = (
				F275E2421C352F830090B3F7 /* test_jenkins.app */,
				F275E25B1C352F880090B3F7 /* test_jenkinsTests.xctest */,
				F275E2661C352F890090B3F7 /* test_jenkinsUITests.xctest */,
			);
			name = Products;
			sourceTree = "<group>";
		};
		F275E2441C352F830090B3F7 /* test_jenkins */ = {
			isa = PBXGroup;
			children = (
				F275E2481C352F840090B3F7 /* AppDelegate.h */,
				F275E2491C352F840090B3F7 /* AppDelegate.m */,
				F275E24B1C352F840090B3F7 /* ViewController.h */,
				F275E24C1C352F840090B3F7 /* ViewController.m */,
				F275E24E1C352F850090B3F7 /* Main.storyboard */,
				F275E2511C352F850090B3F7 /* Assets.xcassets */,
				F275E2531C352F850090B3F7 /* LaunchScreen.storyboard */,
				F275E2561C352F850090B3F7 /* Info.plist */,
				F275E2451C352F830090B3F7 /* Supporting Files */,
			);
			path = test_jenkins;
			sourceTree = "<group>";
		};
		F275E2451C352F830090B3F7 /* Supporting Files */ = {
			isa = PBXGroup;
			children = (
				F275E2461C352F840090B3F7 /* main.m */,
			);
			name = "Supporting Files";
			sourceTree = "<group>";
		};
		F275E25E1C352F880090B3F7 /* test_jenkinsTests */ = {
			isa = PBXGroup;
			children = (
				F275E25F1C352F890090B3F7 /* test_jenkinsTests.m */,
				F275E2611C352F890090B3F7 /* Info.plist */,
			);
			path = test_jenkinsTests;
			sourceTree = "<group>";
		};
		F275E2691C352F890090B3F7 /* test_jenkinsUITests */ = {
			isa = PBXGroup;
			children = (
				F275E26A1C352F890090B3F7 /* test_jenkinsUITests.m */,
				F275E26C1C352F890090B3F7 /* Info.plist */,
			);
			path = test_jenkinsUITests;
			sourceTree = "<group>";
		};
/* End PBXGroup section */

/* Begin PBXNativeTarget section */
		F275E2411C352F830090B3F7 /* test_jenkins */ = {
			isa = PBXNativeTarget;
			buildConfigurationList = F275E26F1C352F890090B3F7 /* Build configuration list for PBXNativeTarget "test_jenkins" */;
			buildPhases = (
				F275E23E1C352F830090B3F7 /* Sources */,
				F275E23F1C352F830090B3F7 /* Frameworks */,
				F275E2401C352F830090B3F7 /* Resources */,
			);
			buildRules = (
			);
			dependencies = (
			);
			name = test_jenkins;
			productName = test_jenkins;
			productReference = F275E2421C352F830090B3F7 /* test_jenkins.app */;
			productType = "com.apple.product-type.application";
		};
		F275E25A1C352F880090B3F7 /* test_jenkinsTests */ = {
			isa = PBXNativeTarget;
			buildConfigurationList = F275E2721C352F890090B3F7 /* Build configuration list for PBXNativeTarget "test_jenkinsTests" */;
			buildPhases = (
				F275E2571C352F880090B3F7 /* Sources */,
				F275E2581C352F880090B3F7 /* Frameworks */,
				F275E2591C352F880090B3F7 /* Resources */,
			);
			buildRules = (
			);
			dependencies = (
				F275E25D1C352F880090B3F7 /* PBXTargetDependency */,
			);
			name = test_jenkinsTests;
			productName = test_jenkinsTests;
			productReference = F275E25B1C352F880090B3F7 /* test_jenkinsTests.xctest */;
			productType = "com.apple.product-type.bundle.unit-test";
		};
		F275E2651C352F890090B3F7 /* test_jenkinsUITests */ = {
			isa = PBXNativeTarget;
			buildConfigurationList = F275E2751C352F890090B3F7 /* Build configuration list for PBXNativeTarget "test_jenkinsUITests" */;
			buildPhases = (
				F275E2621C352F890090B3F7 /* Sources */,
				F275E2631C352F890090B3F7 /* Frameworks */,
				F275E2641C352F890090B3F7 /* Resources */,
			);
			buildRules = (
			);
			dependencies = (
				F275E2681C352F890090B3F7 /* PBXTargetDependency */,
			);
			name = test_jenkinsUITests;
			productName = test_jenkinsUITests;
			productReference = F275E2661C352F890090B3F7 /* test_jenkinsUITests.xctest */;
			productType = "com.apple.product-type.bundle.ui-testing";
		};
/* End PBXNativeTarget section */

/* Begin PBXProject section */
		F275E23A1C352F830090B3F7 /* Project object */ = {
			isa = PBXProject;
			attributes = {
				LastUpgradeCheck = 0720;
				ORGANIZATIONNAME = awl;
				TargetAttributes = {
					F275E2411C352F830090B3F7 = {
						CreatedOnToolsVersion = 7.2;
						DevelopmentTeam = 7MN26J482K;
					};
					F275E25A1C352F880090B3F7 = {
						CreatedOnToolsVersion = 7.2;
						TestTargetID = F275E2411C352F830090B3F7;
					};
					F275E2651C352F890090B3F7 = {
						CreatedOnToolsVersion = 7.2;
						TestTargetID = F275E2411C352F830090B3F7;
					};
				};
			};
			buildConfigurationList = F275E23D1C352F830090B3F7 /* Build configuration list for PBXProject "test_jenkins" */;
			compatibilityVersion = "Xcode 3.2";
			developmentRegion = English;
			hasScannedForEncodings = 0;
			knownRegions = (
				en,
				Base,
			);
			mainGroup = F275E2391C352F830090B3F7;
			productRefGroup = F275E2431C352F830090B3F7 /* Products */;
			projectDirPath = "";
			projectRoot = "";
			targets = (
				F275E2411C352F830090B3F7 /* test_jenkins */,
				F275E25A1C352F880090B3F7 /* test_jenkinsTests */,
				F275E2651C352F890090B3F7 /* test_jenkinsUITests */,
			);
		};
/* End PBXProject section */

/* Begin PBXResourcesBuildPhase section */
		F275E2401C352F830090B3F7 /* Resources */ = {
			isa = PBXResourcesBuildPhase;
			buildActionMask = 2147483647;
			files = (
				F275E2551C352F850090B3F7 /* LaunchScreen.storyboard in Resources */,
				F275E2521C352F850090B3F7 /* Assets.xcassets in Resources */,
				F275E2501C352F850090B3F7 /* Main.storyboard in Resources */,
			);
			runOnlyForDeploymentPostprocessing = 0;
		};
		F275E2591C352F880090B3F7 /* Resources */ = {
			isa = PBXResourcesBuildPhase;
			buildActionMask = 2147483647;
			files = (
			);
			runOnlyForDeploymentPostprocessing = 0;
		};
		F275E2641C352F890090B3F7 /* Resources */ = {
			isa = PBXResourcesBuildPhase;
			buildActionMask = 2147483647;
			files = (
			);
			runOnlyForDeploymentPostprocessing = 0;
		};
/* End PBXResourcesBuildPhase section */

/* Begin PBXSourcesBuildPhase section */
		F275E23E1C352F830090B3F7 /* Sources */ = {
			isa = PBXSourcesBuildPhase;
			buildActionMask = 2147483647;
			files = (
				F275E24D1C352F840090B3F7 /* ViewController.m in Sources */,
				F275E24A1C352F840090B3F7 /* AppDelegate.m in Sources */,
				F275E2471C352F840090B3F7 /* main.m in Sources */,
			);
			runOnlyForDeploymentPostprocessing = 0;
		};
		F275E2571C352F880090B3F7 /* Sources */ = {
			isa = PBXSourcesBuildPhase;
			buildActionMask = 2147483647;
			files = (
				F275E2601C352F890090B3F7 /* test_jenkinsTests.m in Sources */,
			);
			runOnlyForDeploymentPostprocessing = 0;
		};
		F275E2621C352F890090B3F7 /* Sources */ = {
			isa = PBXSourcesBuildPhase;
			buildActionMask = 2147483647;
			files = (
				F275E26B1C352F890090B3F7 /* test_jenkinsUITests.m in Sources */,
			);
			runOnlyForDeploymentPostprocessing = 0;
		};
/* End PBXSourcesBuildPhase section */

/* Begin PBXTargetDependency section */
		F275E25D1C352F880090B3F7 /* PBXTargetDependency */ = {
			isa = PBXTargetDependency;
			target = F275E2411C352F830090B3F7 /* test_jenkins */;
			targetProxy = F275E25C1C352F880090B3F7 /* PBXContainerItemProxy */;
		};
		F275E2681C352F890090B3F7 /* PBXTargetDependency */ = {
			isa = PBXTargetDependency;
			target = F275E2411C352F830090B3F7 /* test_jenkins */;
			targetProxy = F275E2671C352F890090B3F7 /* PBXContainerItemProxy */;
		};
/* End PBXTargetDependency section */

/* Begin PBXVariantGroup section */
		F275E24E1C352F850090B3F7 /* Main.storyboard */ = {
			isa = PBXVariantGroup;
			children = (
				F275E24F1C352F850090B3F7 /* Base */,
			);
			name = Main.storyboard;
			sourceTree = "<group>";
		};
		F275E2531C352F850090B3F7 /* LaunchScreen.storyboard */ = {
			isa = PBXVariantGroup;
			children = (
				F275E2541C352F850090B3F7 /* Base */,
			);
			name = LaunchScreen.storyboard;
			sourceTree = "<group>";
		};
/* End PBXVariantGroup section */

/* Begin XCBuildConfiguration section */
		F275E26D1C352F890090B3F7 /* Debug */ = {
			isa = XCBuildConfiguration;
			buildSettings = {
				ALWAYS_SEARCH_USER_PATHS = NO;
				CLANG_CXX_LANGUAGE_STANDARD = "gnu++0x";
				CLANG_CXX_LIBRARY = "libc++";
				CLANG_ENABLE_MODULES = YES;
				CLANG_ENABLE_OBJC_ARC = YES;
				CLANG_WARN_BOOL_CONVERSION = YES;
				CLANG_WARN_CONSTANT_CONVERSION = YES;
				CLANG_WARN_DIRECT_OBJC_ISA_USAGE = YES_ERROR;
				CLANG_WARN_EMPTY_BODY = YES;
				CLANG_WARN_ENUM_CONVERSION = YES;
				CLANG_WARN_INT_CONVERSION = YES;
				CLANG_WARN_OBJC_ROOT_CLASS = YES_ERROR;
				CLANG_WARN_UNREACHABLE_CODE = YES;
				CLANG_WARN__DUPLICATE_METHOD_MATCH = YES;
				"CODE_SIGN_IDENTITY[sdk=iphoneos*]" = "iPhone Developer";
				COPY_PHASE_STRIP = NO;
				DEBUG_INFORMATION_FORMAT = dwarf;
				ENABLE_STRICT_OBJC_MSGSEND = YES;
				ENABLE_TESTABILITY = YES;
				GCC_C_LANGUAGE_STANDARD = gnu99;
				GCC_DYNAMIC_NO_PIC = NO;
				GCC_NO_COMMON_BLOCKS = YES;
				GCC_OPTIMIZATION_LEVEL = 0;
				GCC_PREPROCESSOR_DEFINITIONS = (
					"DEBUG=1",
					"$(inherited)",
				);
				GCC_WARN_64_TO_32_BIT_CONVERSION = YES;
				GCC_WARN_ABOUT_RETURN_TYPE = YES_ERROR;
				GCC_WARN_UNDECLARED_SELECTOR = YES;
				GCC_WARN_UNINITIALIZED_AUTOS = YES_AGGRESSIVE;
				GCC_WARN_UNUSED_FUNCTION = YES;
				GCC_WARN_UNUSED_VARIABLE = YES;
				IPHONEOS_DEPLOYMENT_TARGET = 9.3;
				MTL_ENABLE_DEBUG_INFO = YES;
				ONLY_ACTIVE_ARCH = YES;
				SDKROOT = iphoneos;
			};
			name = Debug;
		};
		F275E26E1C352F890090B3F7 /* Release */ = {
			isa = XCBuildConfiguration;
			buildSettings = {
				ALWAYS_SEARCH_USER_PATHS = NO;
				CLANG_CXX_LANGUAGE_STANDARD = "gnu++0x";
				CLANG_CXX_LIBRARY = "libc++";
				CLANG_ENABLE_MODULES = YES;
				CLANG_ENABLE_OBJC_ARC = YES;
				CLANG_WARN_BOOL_CONVERSION = YES;
				CLANG_WARN_CONSTANT_CONVERSION = YES;
				CLANG_WARN_DIRECT_OBJC_ISA_USAGE = YES_ERROR;
				CLANG_WARN_EMPTY_BODY = YES;
				CLANG_WARN_ENUM_CONVERSION = YES;
				CLANG_WARN_INT_CONVERSION = YES;
				CLANG_WARN_OBJC_ROOT_CLASS = YES_ERROR;
				CLANG_WARN_UNREACHABLE_CODE = YES;
				CLANG_WARN__DUPLICATE_METHOD_MATCH = YES;
				"CODE_SIGN_IDENTITY[sdk=iphoneos*]" = "iPhone Developer";
				COPY_PHASE_STRIP = NO;
				DEBUG_INFORMATION_FORMAT = "dwarf-with-dsym";
				ENABLE_NS_ASSERTIONS = NO;
				ENABLE_STRICT_OBJC_MSGSEND = YES;
				GCC_C_LANGUAGE_STANDARD = gnu99;
				GCC_NO_COMMON_BLOCKS = YES;
				GCC_WARN_64_TO_32_BIT_CONVERSION = YES;
				GCC_WARN_ABOUT_RETURN_TYPE = YES_ERROR;
				GCC_WARN_UNDECLARED_SELECTOR = YES;
				GCC_WARN_UNINITIALIZED_AUTOS = YES_AGGRESSIVE;
				GCC_WARN_UNUSED_FUNCTION = YES;
				GCC_WARN_UNUSED_VARIABLE = YES;
				IPHONEOS_DEPLOYMENT_TARGET = 9.3;
				MTL_ENABLE_DEBUG_INFO = NO;
				SDKROOT = iphoneos;
				VALIDATE_PRODUCT = YES;
			};
			name = Release;
		};
		F275E2701C352F890090B3F7 /* Debug */ = {
			isa = XCBuildConfiguration;
			buildSettings = {
				ASSETCATALOG_COMPILER_APPICON_NAME = AppIcon;
				CODE_SIGN_IDENTITY = "iPhone Developer";
				INFOPLIST_FILE = test_jenkins/Info.plist;
				LD_RUNPATH_SEARCH_PATHS = "$(inherited) @executable_path/Frameworks";
				PRODUCT_BUNDLE_IDENTIFIER = "com.awl.test-jenkins";
				PRODUCT_NAME = "$(TARGET_NAME)";
				TARGETED_DEVICE_FAMILY = "1,2";
			};
			name = Debug;
		};
		F275E2711C352F890090B3F7 /* Release */ = {
			isa = XCBuildConfiguration;
			buildSettings = {
				ASSETCATALOG_COMPILER_APPICON_NAME = AppIcon;
				CODE_SIGN_IDENTITY = "iPhone Developer";
				INFOPLIST_FILE = test_jenkins/Info.plist;
				LD_RUNPATH_SEARCH_PATHS = "$(inherited) @executable_path/Frameworks";
				PRODUCT_BUNDLE_IDENTIFIER = "com.awl.test-jenkins";
				PRODUCT_NAME = "$(TARGET_NAME)";
				TARGETED_DEVICE_FAMILY = "1,2";
			};
			name = Release;
		};
		F275E2731C352F890090B3F7 /* Debug */ = {
			isa = XCBuildConfiguration;
			buildSettings = {
				BUNDLE_LOADER = "$(TEST_HOST)";
				INFOPLIST_FILE = test_jenkinsTests/Info.plist;
				LD_RUNPATH_SEARCH_PATHS = "$(inherited) @executable_path/Frameworks @loader_path/Frameworks";
				PRODUCT_BUNDLE_IDENTIFIER = "com.awl.test-jenkinsTests";
				PRODUCT_NAME = "$(TARGET_NAME)";
				TEST_HOST = "$(BUILT_PRODUCTS_DIR)/test_jenkins.app/test_jenkins";
			};
			name = Debug;
		};
		F275E2741C352F890090B3F7 /* Release */ = {
			isa = XCBuildConfiguration;
			buildSettings = {
				BUNDLE_LOADER = "$(TEST_HOST)";
				INFOPLIST_FILE = test_jenkinsTests/Info.plist;
				LD_RUNPATH_SEARCH_PATHS = "$(inherited) @executable_path/Frameworks @loader_path/Frameworks";
				PRODUCT_BUNDLE_IDENTIFIER = "com.awl.test-jenkinsTests";
				PRODUCT_NAME = "$(TARGET_NAME)";
				TEST_HOST = "$(BUILT_PRODUCTS_DIR)/test_jenkins.app/test_jenkins";
			};
			name = Release;
		};
		F275E2761C352F890090B3F7 /* Debug */ = {
			isa = XCBuildConfiguration;
			buildSettings = {
				INFOPLIST_FILE = test_jenkinsUITests/Info.plist;
				LD_RUNPATH_SEARCH_PATHS = "$(inherited) @executable_path/Frameworks @loader_path/Frameworks";
				PRODUCT_BUNDLE_IDENTIFIER = "com.awl.test-jenkinsUITests";
				PRODUCT_NAME = "$(TARGET_NAME)";
				TEST_TARGET_NAME = test_jenkins;
				USES_XCTRUNNER = YES;
			};
			name = Debug;
		};
		F275E2771C352F890090B3F7 /* Release */ = {
			isa = XCBuildConfiguration;
			buildSettings = {
				INFOPLIST_FILE = test_jenkinsUITests/Info.plist;
				LD_RUNPATH_SEARCH_PATHS = "$(inherited) @executable_path/Frameworks @loader_path/Frameworks";
				PRODUCT_BUNDLE_IDENTIFIER = "com.awl.test-jenkinsUITests";
				PRODUCT_NAME = "$(TARGET_NAME)";
				TEST_TARGET_NAME = test_jenkins;
				USES_XCTRUNNER = YES;
			};
			name = Release;
		};
/* End XCBuildConfiguration section */

/* Begin XCConfigurationList section */
		F275E23D1C352F830090B3F7 /* Build configuration list for PBXProject "test_jenkins" */ = {
			isa = XCConfigurationList;
			buildConfigurations = (
				F275E26D1C352F890090B3F7 /* Debug */,
				F275E26E1C352F890090B3F7 /* Release */,
			);
			defaultConfigurationIsVisible = 0;
			defaultConfigurationName = Release;
		};
		F275E26F1C352F890090B3F7 /* Build configuration list for PBXNativeTarget "test_jenkins" */ = {
			isa = XCConfigurationList;
			buildConfigurations = (
				F275E2701C352F890090B3F7 /* Debug */,
				F275E2711C352F890090B3F7 /* Release */,
			);
			defaultConfigurationIsVisible = 0;
			defaultConfigurationName = Release;
		};
		F275E2721C352F890090B3F7 /* Build configuration list for PBXNativeTarget "test_jenkinsTests" */ = {
			isa = XCConfigurationList;
			buildConfigurations = (
				F275E2731C352F890090B3F7 /* Debug */,
				F275E2741C352F890090B3F7 /* Release */,
			);
			defaultConfigurationIsVisible = 0;
			defaultConfigurationName = Release;
		};
		F275E2751C352F890090B3F7 /* Build configuration list for PBXNativeTarget "test_jenkinsUITests" */ = {
			isa = XCConfigurationList;
			buildConfigurations = (
				F275E2761C352F890090B3F7 /* Debug */,
				F275E2771C352F890090B3F7 /* Release */,
			);
			defaultConfigurationIsVisible = 0;
			defaultConfigurationName = Release;
		};
/* End XCConfigurationList section */
	};
	rootObject = F275E23A1C352F830090B3F7 /* Project object */;
}
